
Microsoft Visual Studio Solution File, Format Version 12.00
# Visual Studio Version 17
VisualStudioVersion = 17.13.35825.156 d17.13
MinimumVisualStudioVersion = 10.0.40219.1
Project("{FAE04EC0-301F-11D3-BF4B-00C04F79EFBC}") = "Sistema_comercial", "Sistema_comercial.csproj", "{01DE87E8-A1B7-42FD-9C11-534A2DC49E76}"
EndProject
Global
	GlobalSection(SolutionConfigurationPlatforms) = preSolution
		Debug|Any CPU = Debug|Any CPU
		Release|Any CPU = Release|Any CPU
	EndGlobalSection
	GlobalSection(ProjectConfigurationPlatforms) = postSolution
		{01DE87E8-A1B7-42FD-9C11-534A2DC49E76}.Debug|Any CPU.ActiveCfg = Debug|Any CPU
		{01DE87E8-A1B7-42FD-9C11-534A2DC49E76}.Debug|Any CPU.Build.0 = Debug|Any CPU
		{01DE87E8-A1B7-42FD-9C11-534A2DC49E76}.Release|Any CPU.ActiveCfg = Release|Any CPU
		{01DE87E8-A1B7-42FD-9C11-534A2DC49E76}.Release|Any CPU.Build.0 = Release|Any CPU
	EndGlobalSection
	GlobalSection(SolutionProperties) = preSolution
		HideSolutionNode = FALSE
	EndGlobalSection
	GlobalSection(ExtensibilityGlobals) = postSolution
		SolutionGuid = {B9A6E0CD-F84A-4B27-B204-E9C5273FDD54}
	EndGlobalSection
EndGlobal
